# Generated by buf. DO NOT EDIT.
version: v2
deps:
  - name: buf.build/bufbuild/protovalidate
    commit: 5a7b106cbb87462d9a8c9ffecdbd2e38
    digest: b5:0f2dc6c9453e9cc9e9f36807aaa5f94022e837d91fef4dcaeed79a35c0843cc64eba28ff077aab24da3b2cb12639ad256246f9f9a36c033b99d5754b19996b7e
  - name: buf.build/gnostic/gnostic
    commit: 087bc8072ce44e339f213209e4d57bf0
    digest: b5:c4eebcd04bc2fdd5dd0b8d695eb419682a650b600cdb56ff2ed61208a24603e0eb1b8ae0d467925c69a24bde6d322f3c4112bd2b8efdd682d8c3128384cdac9a
  - name: buf.build/googleapis/googleapis
    commit: c0913f24652a4cfc95f77d97443a5005
    digest: b5:4edb1480036c60f7867d75417d7faa87c851c96a4988a9746058a24e8e9bb4978daed0af35d57f6043de5a60355978dceaaa93dc992be99193260ac8823cbb8f
  - name: buf.build/kratos/apis
    commit: c2de25f14fa445a79a054214f31d17a8
    digest: b5:3e4dac0d26ce9db17309aeb845f0efb38ec7db1af06ee3c6b8dce2f4f7f53f126d62233c4910410384ead7f0a0edb6448cb389e62d1e3da5e927c3a980828f0b
  - name: buf.build/origadmin/entgen
    commit: 8e7443ac7f36447e8ec2e48830b1c91f
    digest: b5:90a5f674d509786b01a7880b3cee5575b34ba1e0838f6ef197bbc4cd02afc7c261fb8374b5ef988ad5e100b5d54e2689652c9419286f1eb98c1f3ae737916def
  - name: buf.build/origadmin/rpcerr
    commit: 228fe06a8c0946f4859269ae377c4740
    digest: b5:789548a00fe16ba92bfb0ef1570b77af7124bac11bcc4542bff70b0d9416f4e7940dc5e0924fec9f925d3136c4fb41ce1d5675743255c9ac99f5178ebf95b96f
