# Generated by buf. DO NOT EDIT.
version: v2
deps:
  - name: buf.build/bufbuild/protovalidate
    commit: 5a7b106cbb87462d9a8c9ffecdbd2e38
    digest: b5:0f2dc6c9453e9cc9e9f36807aaa5f94022e837d91fef4dcaeed79a35c0843cc64eba28ff077aab24da3b2cb12639ad256246f9f9a36c033b99d5754b19996b7e
  - name: buf.build/googleapis/googleapis
    commit: 553fd4b4b3a640be9b69a3fa0c17b383
    digest: b5:9e7cb39758f3487f0751765227dc0b9f0ef7a401ab37fa2e97c363446810f4bd0dca1f46dbb793a12d98c019f4028e48d0831b5cb3f09190f068ec1866c69c1d
  - name: buf.build/origadmin/runtime
    commit: 886d2081631241cd84556d83c9425912
    digest: b5:78562c87a34f0e109d6f474c522586a9225595c2d166b36ed748fb3c7790763b27ff9f004cd5c4f710065ea5da7295b35fe5a0644fbaecfe1407196907ffb406
