# Generated by buf. DO NOT EDIT.
version: v2
deps:
  - name: buf.build/bufbuild/protovalidate
    commit: 5a7b106cbb87462d9a8c9ffecdbd2e38
    digest: b5:0f2dc6c9453e9cc9e9f36807aaa5f94022e837d91fef4dcaeed79a35c0843cc64eba28ff077aab24da3b2cb12639ad256246f9f9a36c033b99d5754b19996b7e
  - name: buf.build/googleapis/googleapis
    commit: 553fd4b4b3a640be9b69a3fa0c17b383
    digest: b5:9e7cb39758f3487f0751765227dc0b9f0ef7a401ab37fa2e97c363446810f4bd0dca1f46dbb793a12d98c019f4028e48d0831b5cb3f09190f068ec1866c69c1d
  - name: buf.build/origadmin/runtime
    commit: 157d05fd7b25402aa7aa58ed28f7a3b6
    digest: b5:333b207fe1af60e28ba0db9aac8526638fcec6baab132dd9e3ce1603078836f245946d544dca965cb839864172024db3dbfa4d013d0b10e26361df36a2e2803f
